// !$*UTF8*$!
{
	archiveVersion = 1;
	classes = {
	};
	objectVersion = 50;
	objects = {

/* Begin PBXBuildFile section */
		2431B15B159CBD60DB38DCF7 /* Pods_FaceFilterApp.framework in Frameworks */ = {isa = PBXBuildFile; fileRef = 51B61C90C254AADE69213D7C /* Pods_FaceFilterApp.framework */; };
		C128FA642259037B0008BCDF /* AppDelegate.swift in Sources */ = {isa = PBXBuildFile; fileRef = C128FA632259037B0008BCDF /* AppDelegate.swift */; };
		C128FA662259037B0008BCDF /* ViewController.swift in Sources */ = {isa = PBXBuildFile; fileRef = C128FA652259037B0008BCDF /* ViewController.swift */; };
		C128FA692259037B0008BCDF /* Main.storyboard in Resources */ = {isa = PBXBuildFile; fileRef = C128FA672259037B0008BCDF /* Main.storyboard */; };
		C128FA6B2259037D0008BCDF /* Assets.xcassets in Resources */ = {isa = PBXBuildFile; fileRef = C128FA6A2259037D0008BCDF /* Assets.xcassets */; };
		C128FA6E2259037D0008BCDF /* LaunchScreen.storyboard in Resources */ = {isa = PBXBuildFile; fileRef = C128FA6C2259037D0008BCDF /* LaunchScreen.storyboard */; };
		C1FE9A6D225D3065000AAF25 /* FilterNode.swift in Sources */ = {isa = PBXBuildFile; fileRef = C1FE9A6C225D3065000AAF25 /* FilterNode.swift */; };
		C1FE9A6F225D306E000AAF25 /* StringExtension.swift in Sources */ = {isa = PBXBuildFile; fileRef = C1FE9A6E225D306E000AAF25 /* StringExtension.swift */; };
		FCE1ED89226E546B0023C42C /* icons8-snapchat-64.png in Resources */ = {isa = PBXBuildFile; fileRef = FCE1ED88226E546B0023C42C /* icons8-snapchat-64.png */; };
		FCE1ED8D226E59110023C42C /* FirstViewController.swift in Sources */ = {isa = PBXBuildFile; fileRef = FCE1ED8C226E59110023C42C /* FirstViewController.swift */; };
		FCE1ED8F226E5F8A0023C42C /* TutorialViewController.swift in Sources */ = {isa = PBXBuildFile; fileRef = FCE1ED8E226E5F8A0023C42C /* TutorialViewController.swift */; };
		FCE1ED96226EAC250023C42C /* Icon-1024.png in Resources */ = {isa = PBXBuildFile; fileRef = FCE1ED95226EAC250023C42C /* Icon-1024.png */; };
		FCE1ED98226EB1920023C42C /* tutorial.jpg in Resources */ = {isa = PBXBuildFile; fileRef = FCE1ED97226EB1920023C42C /* tutorial.jpg */; };
/* End PBXBuildFile section */

/* Begin PBXFileReference section */
		0EC9E42EFFC8C94A64DACBFA /* Pods-FaceFilterApp.release.xcconfig */ = {isa = PBXFileReference; includeInIndex = 1; lastKnownFileType = text.xcconfig; name = "Pods-FaceFilterApp.release.xcconfig"; path = "Target Support Files/Pods-FaceFilterApp/Pods-FaceFilterApp.release.xcconfig"; sourceTree = "<group>"; };
		51B61C90C254AADE69213D7C /* Pods_FaceFilterApp.framework */ = {isa = PBXFileReference; explicitFileType = wrapper.framework; includeInIndex = 0; path = Pods_FaceFilterApp.framework; sourceTree = BUILT_PRODUCTS_DIR; };
		C128FA602259037B0008BCDF /* FaceFilterApp.app */ = {isa = PBXFileReference; explicitFileType = wrapper.application; includeInIndex = 0; path = FaceFilterApp.app; sourceTree = BUILT_PRODUCTS_DIR; };
		C128FA632259037B0008BCDF /* AppDelegate.swift */ = {isa = PBXFileReference; lastKnownFileType = sourcecode.swift; path = AppDelegate.swift; sourceTree = "<group>"; };
		C128FA652259037B0008BCDF /* ViewController.swift */ = {isa = PBXFileReference; lastKnownFileType = sourcecode.swift; path = ViewController.swift; sourceTree = "<group>"; };
		C128FA682259037B0008BCDF /* Base */ = {isa = PBXFileReference; lastKnownFileType = file.storyboard; name = Base; path = Base.lproj/Main.storyboard; sourceTree = "<group>"; };
		C128FA6A2259037D0008BCDF /* Assets.xcassets */ = {isa = PBXFileReference; lastKnownFileType = folder.assetcatalog; path = Assets.xcassets; sourceTree = "<group>"; };
		C128FA6D2259037D0008BCDF /* Base */ = {isa = PBXFileReference; lastKnownFileType = file.storyboard; name = Base; path = Base.lproj/LaunchScreen.storyboard; sourceTree = "<group>"; };
		C128FA6F2259037D0008BCDF /* Info.plist */ = {isa = PBXFileReference; lastKnownFileType = text.plist.xml; path = Info.plist; sourceTree = "<group>"; };
		C1FE9A6C225D3065000AAF25 /* FilterNode.swift */ = {isa = PBXFileReference; fileEncoding = 4; lastKnownFileType = sourcecode.swift; path = FilterNode.swift; sourceTree = "<group>"; };
		C1FE9A6E225D306E000AAF25 /* StringExtension.swift */ = {isa = PBXFileReference; fileEncoding = 4; lastKnownFileType = sourcecode.swift; path = StringExtension.swift; sourceTree = "<group>"; };
		DAD73C376D8779E7E02764A1 /* Pods-FaceFilterApp.debug.xcconfig */ = {isa = PBXFileReference; includeInIndex = 1; lastKnownFileType = text.xcconfig; name = "Pods-FaceFilterApp.debug.xcconfig"; path = "Target Support Files/Pods-FaceFilterApp/Pods-FaceFilterApp.debug.xcconfig"; sourceTree = "<group>"; };
		FCE1ED88226E546B0023C42C /* icons8-snapchat-64.png */ = {isa = PBXFileReference; lastKnownFileType = image.png; path = "icons8-snapchat-64.png"; sourceTree = "<group>"; };
		FCE1ED8C226E59110023C42C /* FirstViewController.swift */ = {isa = PBXFileReference; lastKnownFileType = sourcecode.swift; path = FirstViewController.swift; sourceTree = "<group>"; };
		FCE1ED8E226E5F8A0023C42C /* TutorialViewController.swift */ = {isa = PBXFileReference; lastKnownFileType = sourcecode.swift; path = TutorialViewController.swift; sourceTree = "<group>"; };
		FCE1ED95226EAC250023C42C /* Icon-1024.png */ = {isa = PBXFileReference; lastKnownFileType = image.png; name = "Icon-1024.png"; path = "../../../Downloads/appiconmaker/Icon-1024.png"; sourceTree = "<group>"; };
		FCE1ED97226EB1920023C42C /* tutorial.jpg */ = {isa = PBXFileReference; lastKnownFileType = image.jpeg; path = tutorial.jpg; sourceTree = "<group>"; };
/* End PBXFileReference section */

/* Begin PBXFrameworksBuildPhase section */
		C128FA5D2259037B0008BCDF /* Frameworks */ = {
			isa = PBXFrameworksBuildPhase;
			buildActionMask = 2147483647;
			files = (
				2431B15B159CBD60DB38DCF7 /* Pods_FaceFilterApp.framework in Frameworks */,
			);
			runOnlyForDeploymentPostprocessing = 0;
		};
/* End PBXFrameworksBuildPhase section */

/* Begin PBXGroup section */
		C128FA572259037B0008BCDF = {
			isa = PBXGroup;
			children = (
				C128FA622259037B0008BCDF /* FaceFilterApp */,
				C128FA612259037B0008BCDF /* Products */,
				DB6B7CBE74AB9BA5F28F7BF0 /* Pods */,
				E1951574955B7926F3EEB94B /* Frameworks */,
			);
			sourceTree = "<group>";
		};
		C128FA612259037B0008BCDF /* Products */ = {
			isa = PBXGroup;
			children = (
				C128FA602259037B0008BCDF /* FaceFilterApp.app */,
			);
			name = Products;
			sourceTree = "<group>";
		};
		C128FA622259037B0008BCDF /* FaceFilterApp */ = {
			isa = PBXGroup;
			children = (
				C128FA632259037B0008BCDF /* AppDelegate.swift */,
				C128FA652259037B0008BCDF /* ViewController.swift */,
				C128FA672259037B0008BCDF /* Main.storyboard */,
				FCE1ED8E226E5F8A0023C42C /* TutorialViewController.swift */,
				C128FA6A2259037D0008BCDF /* Assets.xcassets */,
				FCE1ED97226EB1920023C42C /* tutorial.jpg */,
				FCE1ED88226E546B0023C42C /* icons8-snapchat-64.png */,
				C128FA6C2259037D0008BCDF /* LaunchScreen.storyboard */,
				FCE1ED95226EAC250023C42C /* Icon-1024.png */,
				C1FE9A6C225D3065000AAF25 /* FilterNode.swift */,
				C1FE9A6E225D306E000AAF25 /* StringExtension.swift */,
				C128FA6F2259037D0008BCDF /* Info.plist */,
				FCE1ED8C226E59110023C42C /* FirstViewController.swift */,
			);
			path = FaceFilterApp;
			sourceTree = "<group>";
		};
		DB6B7CBE74AB9BA5F28F7BF0 /* Pods */ = {
			isa = PBXGroup;
			children = (
				DAD73C376D8779E7E02764A1 /* Pods-FaceFilterApp.debug.xcconfig */,
				0EC9E42EFFC8C94A64DACBFA /* Pods-FaceFilterApp.release.xcconfig */,
			);
			path = Pods;
			sourceTree = "<group>";
		};
		E1951574955B7926F3EEB94B /* Frameworks */ = {
			isa = PBXGroup;
			children = (
				51B61C90C254AADE69213D7C /* Pods_FaceFilterApp.framework */,
			);
			name = Frameworks;
			sourceTree = "<group>";
		};
/* End PBXGroup section */

/* Begin PBXNativeTarget section */
		C128FA5F2259037B0008BCDF /* FaceFilterApp */ = {
			isa = PBXNativeTarget;
			buildConfigurationList = C128FA722259037D0008BCDF /* Build configuration list for PBXNativeTarget "FaceFilterApp" */;
			buildPhases = (
				C1758CA276FDD76B2B5923EB /* [CP] Check Pods Manifest.lock */,
				C128FA5C2259037B0008BCDF /* Sources */,
				C128FA5D2259037B0008BCDF /* Frameworks */,
				C128FA5E2259037B0008BCDF /* Resources */,
				F9B40452ECC7746A8E2E37FA /* [CP] Embed Pods Frameworks */,
			);
			buildRules = (
			);
			dependencies = (
			);
			name = FaceFilterApp;
			productName = FaceFilterApp;
			productReference = C128FA602259037B0008BCDF /* FaceFilterApp.app */;
			productType = "com.apple.product-type.application";
		};
/* End PBXNativeTarget section */

/* Begin PBXProject section */
		C128FA582259037B0008BCDF /* Project object */ = {
			isa = PBXProject;
			attributes = {
				LastSwiftUpdateCheck = 1010;
				LastUpgradeCheck = 1010;
				ORGANIZATIONNAME = "Abita Shiney";
				TargetAttributes = {
					C128FA5F2259037B0008BCDF = {
						CreatedOnToolsVersion = 10.1;
					};
				};
			};
			buildConfigurationList = C128FA5B2259037B0008BCDF /* Build configuration list for PBXProject "FaceFilterApp" */;
			compatibilityVersion = "Xcode 9.3";
			developmentRegion = en;
			hasScannedForEncodings = 0;
			knownRegions = (
				en,
				Base,
			);
			mainGroup = C128FA572259037B0008BCDF;
			productRefGroup = C128FA612259037B0008BCDF /* Products */;
			projectDirPath = "";
			projectRoot = "";
			targets = (
				C128FA5F2259037B0008BCDF /* FaceFilterApp */,
			);
		};
/* End PBXProject section */

/* Begin PBXResourcesBuildPhase section */
		C128FA5E2259037B0008BCDF /* Resources */ = {
			isa = PBXResourcesBuildPhase;
			buildActionMask = 2147483647;
			files = (
				FCE1ED98226EB1920023C42C /* tutorial.jpg in Resources */,
				C128FA6E2259037D0008BCDF /* LaunchScreen.storyboard in Resources */,
				FCE1ED96226EAC250023C42C /* Icon-1024.png in Resources */,
				C128FA6B2259037D0008BCDF /* Assets.xcassets in Resources */,
				C128FA692259037B0008BCDF /* Main.storyboard in Resources */,
				FCE1ED89226E546B0023C42C /* icons8-snapchat-64.png in Resources */,
			);
			runOnlyForDeploymentPostprocessing = 0;
		};
/* End PBXResourcesBuildPhase section */

/* Begin PBXShellScriptBuildPhase section */
		C1758CA276FDD76B2B5923EB /* [CP] Check Pods Manifest.lock */ = {
			isa = PBXShellScriptBuildPhase;
			buildActionMask = 2147483647;
			files = (
			);
			inputFileListPaths = (
			);
			inputPaths = (
				"${PODS_PODFILE_DIR_PATH}/Podfile.lock",
				"${PODS_ROOT}/Manifest.lock",
			);
			name = "[CP] Check Pods Manifest.lock";
			outputFileListPaths = (
			);
			outputPaths = (
				"$(DERIVED_FILE_DIR)/Pods-FaceFilterApp-checkManifestLockResult.txt",
			);
			runOnlyForDeploymentPostprocessing = 0;
			shellPath = /bin/sh;
			shellScript = "diff \"${PODS_PODFILE_DIR_PATH}/Podfile.lock\" \"${PODS_ROOT}/Manifest.lock\" > /dev/null\nif [ $? != 0 ] ; then\n    # print error to STDERR\n    echo \"error: The sandbox is not in sync with the Podfile.lock. Run 'pod install' or update your CocoaPods installation.\" >&2\n    exit 1\nfi\n# This output is used by Xcode 'outputs' to avoid re-running this script phase.\necho \"SUCCESS\" > \"${SCRIPT_OUTPUT_FILE_0}\"\n";
			showEnvVarsInLog = 0;
		};
		F9B40452ECC7746A8E2E37FA /* [CP] Embed Pods Frameworks */ = {
			isa = PBXShellScriptBuildPhase;
			buildActionMask = 2147483647;
			files = (
			);
			inputFileListPaths = (
			);
			inputPaths = (
				"${PODS_ROOT}/Target Support Files/Pods-FaceFilterApp/Pods-FaceFilterApp-frameworks.sh",
				"${BUILT_PRODUCTS_DIR}/SnapSliderFilters/SnapSliderFilters.framework",
			);
			name = "[CP] Embed Pods Frameworks";
			outputFileListPaths = (
			);
			outputPaths = (
				"${TARGET_BUILD_DIR}/${FRAMEWORKS_FOLDER_PATH}/SnapSliderFilters.framework",
			);
			runOnlyForDeploymentPostprocessing = 0;
			shellPath = /bin/sh;
			shellScript = "\"${PODS_ROOT}/Target Support Files/Pods-FaceFilterApp/Pods-FaceFilterApp-frameworks.sh\"\n";
			showEnvVarsInLog = 0;
		};
/* End PBXShellScriptBuildPhase section */

/* Begin PBXSourcesBuildPhase section */
		C128FA5C2259037B0008BCDF /* Sources */ = {
			isa = PBXSourcesBuildPhase;
			buildActionMask = 2147483647;
			files = (
				C1FE9A6F225D306E000AAF25 /* StringExtension.swift in Sources */,
				FCE1ED8F226E5F8A0023C42C /* TutorialViewController.swift in Sources */,
				C1FE9A6D225D3065000AAF25 /* FilterNode.swift in Sources */,
				FCE1ED8D226E59110023C42C /* FirstViewController.swift in Sources */,
				C128FA662259037B0008BCDF /* ViewController.swift in Sources */,
				C128FA642259037B0008BCDF /* AppDelegate.swift in Sources */,
			);
			runOnlyForDeploymentPostprocessing = 0;
		};
/* End PBXSourcesBuildPhase section */

/* Begin PBXVariantGroup section */
		C128FA672259037B0008BCDF /* Main.storyboard */ = {
			isa = PBXVariantGroup;
			children = (
				C128FA682259037B0008BCDF /* Base */,
			);
			name = Main.storyboard;
			sourceTree = "<group>";
		};
		C128FA6C2259037D0008BCDF /* LaunchScreen.storyboard */ = {
			isa = PBXVariantGroup;
			children = (
				C128FA6D2259037D0008BCDF /* Base */,
			);
			name = LaunchScreen.storyboard;
			sourceTree = "<group>";
		};
/* End PBXVariantGroup section */

/* Begin XCBuildConfiguration section */
		C128FA702259037D0008BCDF /* Debug */ = {
			isa = XCBuildConfiguration;
			buildSettings = {
				ALWAYS_SEARCH_USER_PATHS = NO;
				CLANG_ANALYZER_NONNULL = YES;
				CLANG_ANALYZER_NUMBER_OBJECT_CONVERSION = YES_AGGRESSIVE;
				CLANG_CXX_LANGUAGE_STANDARD = "gnu++14";
				CLANG_CXX_LIBRARY = "libc++";
				CLANG_ENABLE_MODULES = YES;
				CLANG_ENABLE_OBJC_ARC = YES;
				CLANG_ENABLE_OBJC_WEAK = YES;
				CLANG_WARN_BLOCK_CAPTURE_AUTORELEASING = YES;
				CLANG_WARN_BOOL_CONVERSION = YES;
				CLANG_WARN_COMMA = YES;
				CLANG_WARN_CONSTANT_CONVERSION = YES;
				CLANG_WARN_DEPRECATED_OBJC_IMPLEMENTATIONS = YES;
				CLANG_WARN_DIRECT_OBJC_ISA_USAGE = YES_ERROR;
				CLANG_WARN_DOCUMENTATION_COMMENTS = YES;
				CLANG_WARN_EMPTY_BODY = YES;
				CLANG_WARN_ENUM_CONVERSION = YES;
				CLANG_WARN_INFINITE_RECURSION = YES;
				CLANG_WARN_INT_CONVERSION = YES;
				CLANG_WARN_NON_LITERAL_NULL_CONVERSION = YES;
				CLANG_WARN_OBJC_IMPLICIT_RETAIN_SELF = YES;
				CLANG_WARN_OBJC_LITERAL_CONVERSION = YES;
				CLANG_WARN_OBJC_ROOT_CLASS = YES_ERROR;
				CLANG_WARN_RANGE_LOOP_ANALYSIS = YES;
				CLANG_WARN_STRICT_PROTOTYPES = YES;
				CLANG_WARN_SUSPICIOUS_MOVE = YES;
				CLANG_WARN_UNGUARDED_AVAILABILITY = YES_AGGRESSIVE;
				CLANG_WARN_UNREACHABLE_CODE = YES;
				CLANG_WARN__DUPLICATE_METHOD_MATCH = YES;
				CODE_SIGN_IDENTITY = "iPhone Developer";
				COPY_PHASE_STRIP = NO;
				DEBUG_INFORMATION_FORMAT = dwarf;
				ENABLE_STRICT_OBJC_MSGSEND = YES;
				ENABLE_TESTABILITY = YES;
				GCC_C_LANGUAGE_STANDARD = gnu11;
				GCC_DYNAMIC_NO_PIC = NO;
				GCC_NO_COMMON_BLOCKS = YES;
				GCC_OPTIMIZATION_LEVEL = 0;
				GCC_PREPROCESSOR_DEFINITIONS = (
					"DEBUG=1",
					"$(inherited)",
				);
				GCC_WARN_64_TO_32_BIT_CONVERSION = YES;
				GCC_WARN_ABOUT_RETURN_TYPE = YES_ERROR;
				GCC_WARN_UNDECLARED_SELECTOR = YES;
				GCC_WARN_UNINITIALIZED_AUTOS = YES_AGGRESSIVE;
				GCC_WARN_UNUSED_FUNCTION = YES;
				GCC_WARN_UNUSED_VARIABLE = YES;
				IPHONEOS_DEPLOYMENT_TARGET = 12.1;
				MTL_ENABLE_DEBUG_INFO = INCLUDE_SOURCE;
				MTL_FAST_MATH = YES;
				ONLY_ACTIVE_ARCH = YES;
				SDKROOT = iphoneos;
				SWIFT_ACTIVE_COMPILATION_CONDITIONS = DEBUG;
				SWIFT_OPTIMIZATION_LEVEL = "-Onone";
			};
			name = Debug;
		};
		C128FA712259037D0008BCDF /* Release */ = {
			isa = XCBuildConfiguration;
			buildSettings = {
				ALWAYS_SEARCH_USER_PATHS = NO;
				CLANG_ANALYZER_NONNULL = YES;
				CLANG_ANALYZER_NUMBER_OBJECT_CONVERSION = YES_AGGRESSIVE;
				CLANG_CXX_LANGUAGE_STANDARD = "gnu++14";
				CLANG_CXX_LIBRARY = "libc++";
				CLANG_ENABLE_MODULES = YES;
				CLANG_ENABLE_OBJC_ARC = YES;
				CLANG_ENABLE_OBJC_WEAK = YES;
				CLANG_WARN_BLOCK_CAPTURE_AUTORELEASING = YES;
				CLANG_WARN_BOOL_CONVERSION = YES;
				CLANG_WARN_COMMA = YES;
				CLANG_WARN_CONSTANT_CONVERSION = YES;
				CLANG_WARN_DEPRECATED_OBJC_IMPLEMENTATIONS = YES;
				CLANG_WARN_DIRECT_OBJC_ISA_USAGE = YES_ERROR;
				CLANG_WARN_DOCUMENTATION_COMMENTS = YES;
				CLANG_WARN_EMPTY_BODY = YES;
				CLANG_WARN_ENUM_CONVERSION = YES;
				CLANG_WARN_INFINITE_RECURSION = YES;
				CLANG_WARN_INT_CONVERSION = YES;
				CLANG_WARN_NON_LITERAL_NULL_CONVERSION = YES;
				CLANG_WARN_OBJC_IMPLICIT_RETAIN_SELF = YES;
				CLANG_WARN_OBJC_LITERAL_CONVERSION = YES;
				CLANG_WARN_OBJC_ROOT_CLASS = YES_ERROR;
				CLANG_WARN_RANGE_LOOP_ANALYSIS = YES;
				CLANG_WARN_STRICT_PROTOTYPES = YES;
				CLANG_WARN_SUSPICIOUS_MOVE = YES;
				CLANG_WARN_UNGUARDED_AVAILABILITY = YES_AGGRESSIVE;
				CLANG_WARN_UNREACHABLE_CODE = YES;
				CLANG_WARN__DUPLICATE_METHOD_MATCH = YES;
				CODE_SIGN_IDENTITY = "iPhone Developer";
				COPY_PHASE_STRIP = NO;
				DEBUG_INFORMATION_FORMAT = "dwarf-with-dsym";
				ENABLE_NS_ASSERTIONS = NO;
				ENABLE_STRICT_OBJC_MSGSEND = YES;
				GCC_C_LANGUAGE_STANDARD = gnu11;
				GCC_NO_COMMON_BLOCKS = YES;
				GCC_WARN_64_TO_32_BIT_CONVERSION = YES;
				GCC_WARN_ABOUT_RETURN_TYPE = YES_ERROR;
				GCC_WARN_UNDECLARED_SELECTOR = YES;
				GCC_WARN_UNINITIALIZED_AUTOS = YES_AGGRESSIVE;
				GCC_WARN_UNUSED_FUNCTION = YES;
				GCC_WARN_UNUSED_VARIABLE = YES;
				IPHONEOS_DEPLOYMENT_TARGET = 12.1;
				MTL_ENABLE_DEBUG_INFO = NO;
				MTL_FAST_MATH = YES;
				SDKROOT = iphoneos;
				SWIFT_COMPILATION_MODE = wholemodule;
				SWIFT_OPTIMIZATION_LEVEL = "-O";
				VALIDATE_PRODUCT = YES;
			};
			name = Release;
		};
		C128FA732259037D0008BCDF /* Debug */ = {
			isa = XCBuildConfiguration;
			baseConfigurationReference = DAD73C376D8779E7E02764A1 /* Pods-FaceFilterApp.debug.xcconfig */;
			buildSettings = {
				ASSETCATALOG_COMPILER_APPICON_NAME = AppIcon;
				CODE_SIGN_STYLE = Automatic;
				DEVELOPMENT_TEAM = B9LK5KTEF2;
				INFOPLIST_FILE = FaceFilterApp/Info.plist;
				LD_RUNPATH_SEARCH_PATHS = (
					"$(inherited)",
					"@executable_path/Frameworks",
				);
				PRODUCT_BUNDLE_IDENTIFIER = com.codewithShiney.FaceFilterApp;
				PRODUCT_NAME = "$(TARGET_NAME)";
				SWIFT_VERSION = 4.2;
				TARGETED_DEVICE_FAMILY = "1,2";
			};
			name = Debug;
		};
		C128FA742259037D0008BCDF /* Release */ = {
			isa = XCBuildConfiguration;
			baseConfigurationReference = 0EC9E42EFFC8C94A64DACBFA /* Pods-FaceFilterApp.release.xcconfig */;
			buildSettings = {
				ASSETCATALOG_COMPILER_APPICON_NAME = AppIcon;
				CODE_SIGN_STYLE = Automatic;
				DEVELOPMENT_TEAM = B9LK5KTEF2;
				INFOPLIST_FILE = FaceFilterApp/Info.plist;
				LD_RUNPATH_SEARCH_PATHS = (
					"$(inherited)",
					"@executable_path/Frameworks",
				);
				PRODUCT_BUNDLE_IDENTIFIER = com.codewithShiney.FaceFilterApp;
				PRODUCT_NAME = "$(TARGET_NAME)";
				SWIFT_VERSION = 4.2;
				TARGETED_DEVICE_FAMILY = "1,2";
			};
			name = Release;
		};
/* End XCBuildConfiguration section */

/* Begin XCConfigurationList section */
		C128FA5B2259037B0008BCDF /* Build configuration list for PBXProject "FaceFilterApp" */ = {
			isa = XCConfigurationList;
			buildConfigurations = (
				C128FA702259037D0008BCDF /* Debug */,
				C128FA712259037D0008BCDF /* Release */,
			);
			defaultConfigurationIsVisible = 0;
			defaultConfigurationName = Release;
		};
		C128FA722259037D0008BCDF /* Build configuration list for PBXNativeTarget "FaceFilterApp" */ = {
			isa = XCConfigurationList;
			buildConfigurations = (
				C128FA732259037D0008BCDF /* Debug */,
				C128FA742259037D0008BCDF /* Release */,
			);
			defaultConfigurationIsVisible = 0;
			defaultConfigurationName = Release;
		};
/* End XCConfigurationList section */
	};
	rootObject = C128FA582259037B0008BCDF /* Project object */;
}
